// !$*UTF8*$!
{
	archiveVersion = 1;
	classes = {
	};
	objectVersion = 56;
	objects = {

/* Begin PBXBuildFile section */
		21836CA72925F52E004082D7 /* EmojiHunterApp.swift in Sources */ = {isa = PBXBuildFile; fileRef = 21836CA62925F52E004082D7 /* EmojiHunterApp.swift */; };
		21836CA92925F52E004082D7 /* ContentView.swift in Sources */ = {isa = PBXBuildFile; fileRef = 21836CA82925F52E004082D7 /* ContentView.swift */; };
		21836CAB2925F530004082D7 /* Assets.xcassets in Resources */ = {isa = PBXBuildFile; fileRef = 21836CAA2925F530004082D7 /* Assets.xcassets */; };
		21836CAE2925F530004082D7 /* Preview Assets.xcassets in Resources */ = {isa = PBXBuildFile; fileRef = 21836CAD2925F530004082D7 /* Preview Assets.xcassets */; };
		21836CB82925F530004082D7 /* EmojiHunterTests.swift in Sources */ = {isa = PBXBuildFile; fileRef = 21836CB72925F530004082D7 /* EmojiHunterTests.swift */; };
		21836CC22925F530004082D7 /* EmojiHunterUITests.swift in Sources */ = {isa = PBXBuildFile; fileRef = 21836CC12925F530004082D7 /* EmojiHunterUITests.swift */; };
		21836CC42925F530004082D7 /* EmojiHunterUITestsLaunchTests.swift in Sources */ = {isa = PBXBuildFile; fileRef = 21836CC32925F530004082D7 /* EmojiHunterUITestsLaunchTests.swift */; };
		21836CD22925F57A004082D7 /* MobileNetV2.mlmodel in Sources */ = {isa = PBXBuildFile; fileRef = 21836CD12925F57A004082D7 /* MobileNetV2.mlmodel */; };
		21836CD42925F5FE004082D7 /* Emoji.swift in Sources */ = {isa = PBXBuildFile; fileRef = 21836CD32925F5FE004082D7 /* Emoji.swift */; };
		21836CD82925F840004082D7 /* CustomCameraRepresentable.swift in Sources */ = {isa = PBXBuildFile; fileRef = 21836CD72925F840004082D7 /* CustomCameraRepresentable.swift */; };
		21836CDA2925F864004082D7 /* Coordinator.swift in Sources */ = {isa = PBXBuildFile; fileRef = 21836CD92925F864004082D7 /* Coordinator.swift */; };
		21836CE02925FAF6004082D7 /* CameraViewController.swift in Sources */ = {isa = PBXBuildFile; fileRef = 21836CDF2925FAF6004082D7 /* CameraViewController.swift */; };
		21836CE22925FBCA004082D7 /* GameViewModel.swift in Sources */ = {isa = PBXBuildFile; fileRef = 21836CE12925FBCA004082D7 /* GameViewModel.swift */; };
/* End PBXBuildFile section */

/* Begin PBXContainerItemProxy section */
		21836CB42925F530004082D7 /* PBXContainerItemProxy */ = {
			isa = PBXContainerItemProxy;
			containerPortal = 21836C9B2925F52E004082D7 /* Project object */;
			proxyType = 1;
			remoteGlobalIDString = 21836CA22925F52E004082D7;
			remoteInfo = EmojiHunter;
		};
		21836CBE2925F530004082D7 /* PBXContainerItemProxy */ = {
			isa = PBXContainerItemProxy;
			containerPortal = 21836C9B2925F52E004082D7 /* Project object */;
			proxyType = 1;
			remoteGlobalIDString = 21836CA22925F52E004082D7;
			remoteInfo = EmojiHunter;
		};
/* End PBXContainerItemProxy section */

/* Begin PBXFileReference section */
		21836CA32925F52E004082D7 /* EmojiHunter.app */ = {isa = PBXFileReference; explicitFileType = wrapper.application; includeInIndex = 0; path = EmojiHunter.app; sourceTree = BUILT_PRODUCTS_DIR; };
		21836CA62925F52E004082D7 /* EmojiHunterApp.swift */ = {isa = PBXFileReference; lastKnownFileType = sourcecode.swift; path = EmojiHunterApp.swift; sourceTree = "<group>"; };
		21836CA82925F52E004082D7 /* ContentView.swift */ = {isa = PBXFileReference; lastKnownFileType = sourcecode.swift; path = ContentView.swift; sourceTree = "<group>"; };
		21836CAA2925F530004082D7 /* Assets.xcassets */ = {isa = PBXFileReference; lastKnownFileType = folder.assetcatalog; path = Assets.xcassets; sourceTree = "<group>"; };
		21836CAD2925F530004082D7 /* Preview Assets.xcassets */ = {isa = PBXFileReference; lastKnownFileType = folder.assetcatalog; path = "Preview Assets.xcassets"; sourceTree = "<group>"; };
		21836CB32925F530004082D7 /* EmojiHunterTests.xctest */ = {isa = PBXFileReference; explicitFileType = wrapper.cfbundle; includeInIndex = 0; path = EmojiHunterTests.xctest; sourceTree = BUILT_PRODUCTS_DIR; };
		21836CB72925F530004082D7 /* EmojiHunterTests.swift */ = {isa = PBXFileReference; lastKnownFileType = sourcecode.swift; path = EmojiHunterTests.swift; sourceTree = "<group>"; };
		21836CBD2925F530004082D7 /* EmojiHunterUITests.xctest */ = {isa = PBXFileReference; explicitFileType = wrapper.cfbundle; includeInIndex = 0; path = EmojiHunterUITests.xctest; sourceTree = BUILT_PRODUCTS_DIR; };
		21836CC12925F530004082D7 /* EmojiHunterUITests.swift */ = {isa = PBXFileReference; lastKnownFileType = sourcecode.swift; path = EmojiHunterUITests.swift; sourceTree = "<group>"; };
		21836CC32925F530004082D7 /* EmojiHunterUITestsLaunchTests.swift */ = {isa = PBXFileReference; lastKnownFileType = sourcecode.swift; path = EmojiHunterUITestsLaunchTests.swift; sourceTree = "<group>"; };
		21836CD12925F57A004082D7 /* MobileNetV2.mlmodel */ = {isa = PBXFileReference; lastKnownFileType = file.mlmodel; path = MobileNetV2.mlmodel; sourceTree = "<group>"; };
		21836CD32925F5FE004082D7 /* Emoji.swift */ = {isa = PBXFileReference; lastKnownFileType = sourcecode.swift; path = Emoji.swift; sourceTree = "<group>"; };
		21836CD72925F840004082D7 /* CustomCameraRepresentable.swift */ = {isa = PBXFileReference; lastKnownFileType = sourcecode.swift; path = CustomCameraRepresentable.swift; sourceTree = "<group>"; };
		21836CD92925F864004082D7 /* Coordinator.swift */ = {isa = PBXFileReference; lastKnownFileType = sourcecode.swift; path = Coordinator.swift; sourceTree = "<group>"; };
		21836CDF2925FAF6004082D7 /* CameraViewController.swift */ = {isa = PBXFileReference; lastKnownFileType = sourcecode.swift; path = CameraViewController.swift; sourceTree = "<group>"; };
		21836CE12925FBCA004082D7 /* GameViewModel.swift */ = {isa = PBXFileReference; lastKnownFileType = sourcecode.swift; path = GameViewModel.swift; sourceTree = "<group>"; };
		21836CE32925FF8B004082D7 /* Info.plist */ = {isa = PBXFileReference; lastKnownFileType = text.plist; path = Info.plist; sourceTree = "<group>"; };
/* End PBXFileReference section */

/* Begin PBXFrameworksBuildPhase section */
		21836CA02925F52E004082D7 /* Frameworks */ = {
			isa = PBXFrameworksBuildPhase;
			buildActionMask = 2147483647;
			files = (
			);
			runOnlyForDeploymentPostprocessing = 0;
		};
		21836CB02925F530004082D7 /* Frameworks */ = {
			isa = PBXFrameworksBuildPhase;
			buildActionMask = 2147483647;
			files = (
			);
			runOnlyForDeploymentPostprocessing = 0;
		};
		21836CBA2925F530004082D7 /* Frameworks */ = {
			isa = PBXFrameworksBuildPhase;
			buildActionMask = 2147483647;
			files = (
			);
			runOnlyForDeploymentPostprocessing = 0;
		};
/* End PBXFrameworksBuildPhase section */

/* Begin PBXGroup section */
		21836C9A2925F52E004082D7 = {
			isa = PBXGroup;
			children = (
				21836CA52925F52E004082D7 /* EmojiHunter */,
				21836CB62925F530004082D7 /* EmojiHunterTests */,
				21836CC02925F530004082D7 /* EmojiHunterUITests */,
				21836CA42925F52E004082D7 /* Products */,
			);
			sourceTree = "<group>";
		};
		21836CA42925F52E004082D7 /* Products */ = {
			isa = PBXGroup;
			children = (
				21836CA32925F52E004082D7 /* EmojiHunter.app */,
				21836CB32925F530004082D7 /* EmojiHunterTests.xctest */,
				21836CBD2925F530004082D7 /* EmojiHunterUITests.xctest */,
			);
			name = Products;
			sourceTree = "<group>";
		};
		21836CA52925F52E004082D7 /* EmojiHunter */ = {
			isa = PBXGroup;
			children = (
				21836CE32925FF8B004082D7 /* Info.plist */,
				21836CD62925F82C004082D7 /* ViewControllers */,
				21836CD02925F548004082D7 /* Models */,
				21836CA62925F52E004082D7 /* EmojiHunterApp.swift */,
				21836CA82925F52E004082D7 /* ContentView.swift */,
				21836CAA2925F530004082D7 /* Assets.xcassets */,
				21836CAC2925F530004082D7 /* Preview Content */,
			);
			path = EmojiHunter;
			sourceTree = "<group>";
		};
		21836CAC2925F530004082D7 /* Preview Content */ = {
			isa = PBXGroup;
			children = (
				21836CAD2925F530004082D7 /* Preview Assets.xcassets */,
			);
			path = "Preview Content";
			sourceTree = "<group>";
		};
		21836CB62925F530004082D7 /* EmojiHunterTests */ = {
			isa = PBXGroup;
			children = (
				21836CB72925F530004082D7 /* EmojiHunterTests.swift */,
			);
			path = EmojiHunterTests;
			sourceTree = "<group>";
		};
		21836CC02925F530004082D7 /* EmojiHunterUITests */ = {
			isa = PBXGroup;
			children = (
				21836CC12925F530004082D7 /* EmojiHunterUITests.swift */,
				21836CC32925F530004082D7 /* EmojiHunterUITestsLaunchTests.swift */,
			);
			path = EmojiHunterUITests;
			sourceTree = "<group>";
		};
		21836CD02925F548004082D7 /* Models */ = {
			isa = PBXGroup;
			children = (
				21836CD12925F57A004082D7 /* MobileNetV2.mlmodel */,
				21836CD32925F5FE004082D7 /* Emoji.swift */,
				21836CE12925FBCA004082D7 /* GameViewModel.swift */,
			);
			path = Models;
			sourceTree = "<group>";
		};
		21836CD62925F82C004082D7 /* ViewControllers */ = {
			isa = PBXGroup;
			children = (
				21836CD72925F840004082D7 /* CustomCameraRepresentable.swift */,
				21836CD92925F864004082D7 /* Coordinator.swift */,
				21836CDF2925FAF6004082D7 /* CameraViewController.swift */,
			);
			path = ViewControllers;
			sourceTree = "<group>";
		};
/* End PBXGroup section */

/* Begin PBXNativeTarget section */
		21836CA22925F52E004082D7 /* EmojiHunter */ = {
			isa = PBXNativeTarget;
			buildConfigurationList = 21836CC72925F530004082D7 /* Build configuration list for PBXNativeTarget "EmojiHunter" */;
			buildPhases = (
				21836C9F2925F52E004082D7 /* Sources */,
				21836CA02925F52E004082D7 /* Frameworks */,
				21836CA12925F52E004082D7 /* Resources */,
			);
			buildRules = (
			);
			dependencies = (
			);
			name = EmojiHunter;
			productName = EmojiHunter;
			productReference = 21836CA32925F52E004082D7 /* EmojiHunter.app */;
			productType = "com.apple.product-type.application";
		};
		21836CB22925F530004082D7 /* EmojiHunterTests */ = {
			isa = PBXNativeTarget;
			buildConfigurationList = 21836CCA2925F530004082D7 /* Build configuration list for PBXNativeTarget "EmojiHunterTests" */;
			buildPhases = (
				21836CAF2925F530004082D7 /* Sources */,
				21836CB02925F530004082D7 /* Frameworks */,
				21836CB12925F530004082D7 /* Resources */,
			);
			buildRules = (
			);
			dependencies = (
				21836CB52925F530004082D7 /* PBXTargetDependency */,
			);
			name = EmojiHunterTests;
			productName = EmojiHunterTests;
			productReference = 21836CB32925F530004082D7 /* EmojiHunterTests.xctest */;
			productType = "com.apple.product-type.bundle.unit-test";
		};
		21836CBC2925F530004082D7 /* EmojiHunterUITests */ = {
			isa = PBXNativeTarget;
			buildConfigurationList = 21836CCD2925F530004082D7 /* Build configuration list for PBXNativeTarget "EmojiHunterUITests" */;
			buildPhases = (
				21836CB92925F530004082D7 /* Sources */,
				21836CBA2925F530004082D7 /* Frameworks */,
				21836CBB2925F530004082D7 /* Resources */,
			);
			buildRules = (
			);
			dependencies = (
				21836CBF2925F530004082D7 /* PBXTargetDependency */,
			);
			name = EmojiHunterUITests;
			productName = EmojiHunterUITests;
			productReference = 21836CBD2925F530004082D7 /* EmojiHunterUITests.xctest */;
			productType = "com.apple.product-type.bundle.ui-testing";
		};
/* End PBXNativeTarget section */

/* Begin PBXProject section */
		21836C9B2925F52E004082D7 /* Project object */ = {
			isa = PBXProject;
			attributes = {
				BuildIndependentTargetsInParallel = 1;
				LastSwiftUpdateCheck = 1410;
				LastUpgradeCheck = 1410;
				TargetAttributes = {
					21836CA22925F52E004082D7 = {
						CreatedOnToolsVersion = 14.1;
					};
					21836CB22925F530004082D7 = {
						CreatedOnToolsVersion = 14.1;
						TestTargetID = 21836CA22925F52E004082D7;
					};
					21836CBC2925F530004082D7 = {
						CreatedOnToolsVersion = 14.1;
						TestTargetID = 21836CA22925F52E004082D7;
					};
				};
			};
			buildConfigurationList = 21836C9E2925F52E004082D7 /* Build configuration list for PBXProject "EmojiHunter" */;
			compatibilityVersion = "Xcode 14.0";
			developmentRegion = en;
			hasScannedForEncodings = 0;
			knownRegions = (
				en,
				Base,
			);
			mainGroup = 21836C9A2925F52E004082D7;
			productRefGroup = 21836CA42925F52E004082D7 /* Products */;
			projectDirPath = "";
			projectRoot = "";
			targets = (
				21836CA22925F52E004082D7 /* EmojiHunter */,
				21836CB22925F530004082D7 /* EmojiHunterTests */,
				21836CBC2925F530004082D7 /* EmojiHunterUITests */,
			);
		};
/* End PBXProject section */

/* Begin PBXResourcesBuildPhase section */
		21836CA12925F52E004082D7 /* Resources */ = {
			isa = PBXResourcesBuildPhase;
			buildActionMask = 2147483647;
			files = (
				21836CAE2925F530004082D7 /* Preview Assets.xcassets in Resources */,
				21836CAB2925F530004082D7 /* Assets.xcassets in Resources */,
			);
			runOnlyForDeploymentPostprocessing = 0;
		};
		21836CB12925F530004082D7 /* Resources */ = {
			isa = PBXResourcesBuildPhase;
			buildActionMask = 2147483647;
			files = (
			);
			runOnlyForDeploymentPostprocessing = 0;
		};
		21836CBB2925F530004082D7 /* Resources */ = {
			isa = PBXResourcesBuildPhase;
			buildActionMask = 2147483647;
			files = (
			);
			runOnlyForDeploymentPostprocessing = 0;
		};
/* End PBXResourcesBuildPhase section */

/* Begin PBXSourcesBuildPhase section */
		21836C9F2925F52E004082D7 /* Sources */ = {
			isa = PBXSourcesBuildPhase;
			buildActionMask = 2147483647;
			files = (
				21836CD22925F57A004082D7 /* MobileNetV2.mlmodel in Sources */,
				21836CA92925F52E004082D7 /* ContentView.swift in Sources */,
				21836CDA2925F864004082D7 /* Coordinator.swift in Sources */,
				21836CD82925F840004082D7 /* CustomCameraRepresentable.swift in Sources */,
				21836CE22925FBCA004082D7 /* GameViewModel.swift in Sources */,
				21836CE02925FAF6004082D7 /* CameraViewController.swift in Sources */,
				21836CD42925F5FE004082D7 /* Emoji.swift in Sources */,
				21836CA72925F52E004082D7 /* EmojiHunterApp.swift in Sources */,
			);
			runOnlyForDeploymentPostprocessing = 0;
		};
		21836CAF2925F530004082D7 /* Sources */ = {
			isa = PBXSourcesBuildPhase;
			buildActionMask = 2147483647;
			files = (
				21836CB82925F530004082D7 /* EmojiHunterTests.swift in Sources */,
			);
			runOnlyForDeploymentPostprocessing = 0;
		};
		21836CB92925F530004082D7 /* Sources */ = {
			isa = PBXSourcesBuildPhase;
			buildActionMask = 2147483647;
			files = (
				21836CC22925F530004082D7 /* EmojiHunterUITests.swift in Sources */,
				21836CC42925F530004082D7 /* EmojiHunterUITestsLaunchTests.swift in Sources */,
			);
			runOnlyForDeploymentPostprocessing = 0;
		};
/* End PBXSourcesBuildPhase section */

/* Begin PBXTargetDependency section */
		21836CB52925F530004082D7 /* PBXTargetDependency */ = {
			isa = PBXTargetDependency;
			target = 21836CA22925F52E004082D7 /* EmojiHunter */;
			targetProxy = 21836CB42925F530004082D7 /* PBXContainerItemProxy */;
		};
		21836CBF2925F530004082D7 /* PBXTargetDependency */ = {
			isa = PBXTargetDependency;
			target = 21836CA22925F52E004082D7 /* EmojiHunter */;
			targetProxy = 21836CBE2925F530004082D7 /* PBXContainerItemProxy */;
		};
/* End PBXTargetDependency section */

/* Begin XCBuildConfiguration section */
		21836CC52925F530004082D7 /* Debug */ = {
			isa = XCBuildConfiguration;
			buildSettings = {
				ALWAYS_SEARCH_USER_PATHS = NO;
				CLANG_ANALYZER_NONNULL = YES;
				CLANG_ANALYZER_NUMBER_OBJECT_CONVERSION = YES_AGGRESSIVE;
				CLANG_CXX_LANGUAGE_STANDARD = "gnu++20";
				CLANG_ENABLE_MODULES = YES;
				CLANG_ENABLE_OBJC_ARC = YES;
				CLANG_ENABLE_OBJC_WEAK = YES;
				CLANG_WARN_BLOCK_CAPTURE_AUTORELEASING = YES;
				CLANG_WARN_BOOL_CONVERSION = YES;
				CLANG_WARN_COMMA = YES;
				CLANG_WARN_CONSTANT_CONVERSION = YES;
				CLANG_WARN_DEPRECATED_OBJC_IMPLEMENTATIONS = YES;
				CLANG_WARN_DIRECT_OBJC_ISA_USAGE = YES_ERROR;
				CLANG_WARN_DOCUMENTATION_COMMENTS = YES;
				CLANG_WARN_EMPTY_BODY = YES;
				CLANG_WARN_ENUM_CONVERSION = YES;
				CLANG_WARN_INFINITE_RECURSION = YES;
				CLANG_WARN_INT_CONVERSION = YES;
				CLANG_WARN_NON_LITERAL_NULL_CONVERSION = YES;
				CLANG_WARN_OBJC_IMPLICIT_RETAIN_SELF = YES;
				CLANG_WARN_OBJC_LITERAL_CONVERSION = YES;
				CLANG_WARN_OBJC_ROOT_CLASS = YES_ERROR;
				CLANG_WARN_QUOTED_INCLUDE_IN_FRAMEWORK_HEADER = YES;
				CLANG_WARN_RANGE_LOOP_ANALYSIS = YES;
				CLANG_WARN_STRICT_PROTOTYPES = YES;
				CLANG_WARN_SUSPICIOUS_MOVE = YES;
				CLANG_WARN_UNGUARDED_AVAILABILITY = YES_AGGRESSIVE;
				CLANG_WARN_UNREACHABLE_CODE = YES;
				CLANG_WARN__DUPLICATE_METHOD_MATCH = YES;
				COPY_PHASE_STRIP = NO;
				DEBUG_INFORMATION_FORMAT = dwarf;
				ENABLE_STRICT_OBJC_MSGSEND = YES;
				ENABLE_TESTABILITY = YES;
				GCC_C_LANGUAGE_STANDARD = gnu11;
				GCC_DYNAMIC_NO_PIC = NO;
				GCC_NO_COMMON_BLOCKS = YES;
				GCC_OPTIMIZATION_LEVEL = 0;
				GCC_PREPROCESSOR_DEFINITIONS = (
					"DEBUG=1",
					"$(inherited)",
				);
				GCC_WARN_64_TO_32_BIT_CONVERSION = YES;
				GCC_WARN_ABOUT_RETURN_TYPE = YES_ERROR;
				GCC_WARN_UNDECLARED_SELECTOR = YES;
				GCC_WARN_UNINITIALIZED_AUTOS = YES_AGGRESSIVE;
				GCC_WARN_UNUSED_FUNCTION = YES;
				GCC_WARN_UNUSED_VARIABLE = YES;
				IPHONEOS_DEPLOYMENT_TARGET = 16.1;
				MTL_ENABLE_DEBUG_INFO = INCLUDE_SOURCE;
				MTL_FAST_MATH = YES;
				ONLY_ACTIVE_ARCH = YES;
				SDKROOT = iphoneos;
				SWIFT_ACTIVE_COMPILATION_CONDITIONS = DEBUG;
				SWIFT_OPTIMIZATION_LEVEL = "-Onone";
			};
			name = Debug;
		};
		21836CC62925F530004082D7 /* Release */ = {
			isa = XCBuildConfiguration;
			buildSettings = {
				ALWAYS_SEARCH_USER_PATHS = NO;
				CLANG_ANALYZER_NONNULL = YES;
				CLANG_ANALYZER_NUMBER_OBJECT_CONVERSION = YES_AGGRESSIVE;
				CLANG_CXX_LANGUAGE_STANDARD = "gnu++20";
				CLANG_ENABLE_MODULES = YES;
				CLANG_ENABLE_OBJC_ARC = YES;
				CLANG_ENABLE_OBJC_WEAK = YES;
				CLANG_WARN_BLOCK_CAPTURE_AUTORELEASING = YES;
				CLANG_WARN_BOOL_CONVERSION = YES;
				CLANG_WARN_COMMA = YES;
				CLANG_WARN_CONSTANT_CONVERSION = YES;
				CLANG_WARN_DEPRECATED_OBJC_IMPLEMENTATIONS = YES;
				CLANG_WARN_DIRECT_OBJC_ISA_USAGE = YES_ERROR;
				CLANG_WARN_DOCUMENTATION_COMMENTS = YES;
				CLANG_WARN_EMPTY_BODY = YES;
				CLANG_WARN_ENUM_CONVERSION = YES;
				CLANG_WARN_INFINITE_RECURSION = YES;
				CLANG_WARN_INT_CONVERSION = YES;
				CLANG_WARN_NON_LITERAL_NULL_CONVERSION = YES;
				CLANG_WARN_OBJC_IMPLICIT_RETAIN_SELF = YES;
				CLANG_WARN_OBJC_LITERAL_CONVERSION = YES;
				CLANG_WARN_OBJC_ROOT_CLASS = YES_ERROR;
				CLANG_WARN_QUOTED_INCLUDE_IN_FRAMEWORK_HEADER = YES;
				CLANG_WARN_RANGE_LOOP_ANALYSIS = YES;
				CLANG_WARN_STRICT_PROTOTYPES = YES;
				CLANG_WARN_SUSPICIOUS_MOVE = YES;
				CLANG_WARN_UNGUARDED_AVAILABILITY = YES_AGGRESSIVE;
				CLANG_WARN_UNREACHABLE_CODE = YES;
				CLANG_WARN__DUPLICATE_METHOD_MATCH = YES;
				COPY_PHASE_STRIP = NO;
				DEBUG_INFORMATION_FORMAT = "dwarf-with-dsym";
				ENABLE_NS_ASSERTIONS = NO;
				ENABLE_STRICT_OBJC_MSGSEND = YES;
				GCC_C_LANGUAGE_STANDARD = gnu11;
				GCC_NO_COMMON_BLOCKS = YES;
				GCC_WARN_64_TO_32_BIT_CONVERSION = YES;
				GCC_WARN_ABOUT_RETURN_TYPE = YES_ERROR;
				GCC_WARN_UNDECLARED_SELECTOR = YES;
				GCC_WARN_UNINITIALIZED_AUTOS = YES_AGGRESSIVE;
				GCC_WARN_UNUSED_FUNCTION = YES;
				GCC_WARN_UNUSED_VARIABLE = YES;
				IPHONEOS_DEPLOYMENT_TARGET = 16.1;
				MTL_ENABLE_DEBUG_INFO = NO;
				MTL_FAST_MATH = YES;
				SDKROOT = iphoneos;
				SWIFT_COMPILATION_MODE = wholemodule;
				SWIFT_OPTIMIZATION_LEVEL = "-O";
				VALIDATE_PRODUCT = YES;
			};
			name = Release;
		};
		21836CC82925F530004082D7 /* Debug */ = {
			isa = XCBuildConfiguration;
			buildSettings = {
				ASSETCATALOG_COMPILER_APPICON_NAME = AppIcon;
				ASSETCATALOG_COMPILER_GLOBAL_ACCENT_COLOR_NAME = AccentColor;
				CODE_SIGN_STYLE = Automatic;
				CURRENT_PROJECT_VERSION = 1;
				DEVELOPMENT_ASSET_PATHS = "\"EmojiHunter/Preview Content\"";
				DEVELOPMENT_TEAM = 6X6P7WW83H;
				ENABLE_PREVIEWS = YES;
				GENERATE_INFOPLIST_FILE = YES;
				INFOPLIST_FILE = EmojiHunter/Info.plist;
				INFOPLIST_KEY_NSCameraUsageDescription = "Can Emoji Hunter use the camera?";
				INFOPLIST_KEY_UIApplicationSceneManifest_Generation = YES;
				INFOPLIST_KEY_UIApplicationSupportsIndirectInputEvents = YES;
				INFOPLIST_KEY_UILaunchScreen_Generation = YES;
				INFOPLIST_KEY_UISupportedInterfaceOrientations_iPad = "UIInterfaceOrientationPortrait UIInterfaceOrientationPortraitUpsideDown UIInterfaceOrientationLandscapeLeft UIInterfaceOrientationLandscapeRight";
				INFOPLIST_KEY_UISupportedInterfaceOrientations_iPhone = "UIInterfaceOrientationPortrait UIInterfaceOrientationLandscapeLeft UIInterfaceOrientationLandscapeRight";
				IPHONEOS_DEPLOYMENT_TARGET = 16.0;
				LD_RUNPATH_SEARCH_PATHS = (
					"$(inherited)",
					"@executable_path/Frameworks",
				);
				MARKETING_VERSION = 1.0;
				PRODUCT_BUNDLE_IDENTIFIER = lawrencelilol.EmojiHunter;
				PRODUCT_NAME = "$(TARGET_NAME)";
				SWIFT_EMIT_LOC_STRINGS = YES;
				SWIFT_VERSION = 5.0;
				TARGETED_DEVICE_FAMILY = "1,2";
			};
			name = Debug;
		};
		21836CC92925F530004082D7 /* Release */ = {
			isa = XCBuildConfiguration;
			buildSettings = {
				ASSETCATALOG_COMPILER_APPICON_NAME = AppIcon;
				ASSETCATALOG_COMPILER_GLOBAL_ACCENT_COLOR_NAME = AccentColor;
				CODE_SIGN_STYLE = Automatic;
				CURRENT_PROJECT_VERSION = 1;
				DEVELOPMENT_ASSET_PATHS = "\"EmojiHunter/Preview Content\"";
				DEVELOPMENT_TEAM = 6X6P7WW83H;
				ENABLE_PREVIEWS = YES;
				GENERATE_INFOPLIST_FILE = YES;
				INFOPLIST_FILE = EmojiHunter/Info.plist;
				INFOPLIST_KEY_NSCameraUsageDescription = "Can Emoji Hunter use the camera?";
				INFOPLIST_KEY_UIApplicationSceneManifest_Generation = YES;
				INFOPLIST_KEY_UIApplicationSupportsIndirectInputEvents = YES;
				INFOPLIST_KEY_UILaunchScreen_Generation = YES;
				INFOPLIST_KEY_UISupportedInterfaceOrientations_iPad = "UIInterfaceOrientationPortrait UIInterfaceOrientationPortraitUpsideDown UIInterfaceOrientationLandscapeLeft UIInterfaceOrientationLandscapeRight";
				INFOPLIST_KEY_UISupportedInterfaceOrientations_iPhone = "UIInterfaceOrientationPortrait UIInterfaceOrientationLandscapeLeft UIInterfaceOrientationLandscapeRight";
				IPHONEOS_DEPLOYMENT_TARGET = 16.0;
				LD_RUNPATH_SEARCH_PATHS = (
					"$(inherited)",
					"@executable_path/Frameworks",
				);
				MARKETING_VERSION = 1.0;
				PRODUCT_BUNDLE_IDENTIFIER = lawrencelilol.EmojiHunter;
				PRODUCT_NAME = "$(TARGET_NAME)";
				SWIFT_EMIT_LOC_STRINGS = YES;
				SWIFT_VERSION = 5.0;
				TARGETED_DEVICE_FAMILY = "1,2";
			};
			name = Release;
		};
		21836CCB2925F530004082D7 /* Debug */ = {
			isa = XCBuildConfiguration;
			buildSettings = {
				ALWAYS_EMBED_SWIFT_STANDARD_LIBRARIES = YES;
				BUNDLE_LOADER = "$(TEST_HOST)";
				CODE_SIGN_STYLE = Automatic;
				CURRENT_PROJECT_VERSION = 1;
				GENERATE_INFOPLIST_FILE = YES;
				IPHONEOS_DEPLOYMENT_TARGET = 16.1;
				MARKETING_VERSION = 1.0;
				PRODUCT_BUNDLE_IDENTIFIER = lawrencelilol.EmojiHunterTests;
				PRODUCT_NAME = "$(TARGET_NAME)";
				SWIFT_EMIT_LOC_STRINGS = NO;
				SWIFT_VERSION = 5.0;
				TARGETED_DEVICE_FAMILY = "1,2";
				TEST_HOST = "$(BUILT_PRODUCTS_DIR)/EmojiHunter.app/$(BUNDLE_EXECUTABLE_FOLDER_PATH)/EmojiHunter";
			};
			name = Debug;
		};
		21836CCC2925F530004082D7 /* Release */ = {
			isa = XCBuildConfiguration;
			buildSettings = {
				ALWAYS_EMBED_SWIFT_STANDARD_LIBRARIES = YES;
				BUNDLE_LOADER = "$(TEST_HOST)";
				CODE_SIGN_STYLE = Automatic;
				CURRENT_PROJECT_VERSION = 1;
				GENERATE_INFOPLIST_FILE = YES;
				IPHONEOS_DEPLOYMENT_TARGET = 16.1;
				MARKETING_VERSION = 1.0;
				PRODUCT_BUNDLE_IDENTIFIER = lawrencelilol.EmojiHunterTests;
				PRODUCT_NAME = "$(TARGET_NAME)";
				SWIFT_EMIT_LOC_STRINGS = NO;
				SWIFT_VERSION = 5.0;
				TARGETED_DEVICE_FAMILY = "1,2";
				TEST_HOST = "$(BUILT_PRODUCTS_DIR)/EmojiHunter.app/$(BUNDLE_EXECUTABLE_FOLDER_PATH)/EmojiHunter";
			};
			name = Release;
		};
		21836CCE2925F530004082D7 /* Debug */ = {
			isa = XCBuildConfiguration;
			buildSettings = {
				ALWAYS_EMBED_SWIFT_STANDARD_LIBRARIES = YES;
				CODE_SIGN_STYLE = Automatic;
				CURRENT_PROJECT_VERSION = 1;
				GENERATE_INFOPLIST_FILE = YES;
				MARKETING_VERSION = 1.0;
				PRODUCT_BUNDLE_IDENTIFIER = lawrencelilol.EmojiHunterUITests;
				PRODUCT_NAME = "$(TARGET_NAME)";
				SWIFT_EMIT_LOC_STRINGS = NO;
				SWIFT_VERSION = 5.0;
				TARGETED_DEVICE_FAMILY = "1,2";
				TEST_TARGET_NAME = EmojiHunter;
			};
			name = Debug;
		};
		21836CCF2925F530004082D7 /* Release */ = {
			isa = XCBuildConfiguration;
			buildSettings = {
				ALWAYS_EMBED_SWIFT_STANDARD_LIBRARIES = YES;
				CODE_SIGN_STYLE = Automatic;
				CURRENT_PROJECT_VERSION = 1;
				GENERATE_INFOPLIST_FILE = YES;
				MARKETING_VERSION = 1.0;
				PRODUCT_BUNDLE_IDENTIFIER = lawrencelilol.EmojiHunterUITests;
				PRODUCT_NAME = "$(TARGET_NAME)";
				SWIFT_EMIT_LOC_STRINGS = NO;
				SWIFT_VERSION = 5.0;
				TARGETED_DEVICE_FAMILY = "1,2";
				TEST_TARGET_NAME = EmojiHunter;
			};
			name = Release;
		};
/* End XCBuildConfiguration section */

/* Begin XCConfigurationList section */
		21836C9E2925F52E004082D7 /* Build configuration list for PBXProject "EmojiHunter" */ = {
			isa = XCConfigurationList;
			buildConfigurations = (
				21836CC52925F530004082D7 /* Debug */,
				21836CC62925F530004082D7 /* Release */,
			);
			defaultConfigurationIsVisible = 0;
			defaultConfigurationName = Release;
		};
		21836CC72925F530004082D7 /* Build configuration list for PBXNativeTarget "EmojiHunter" */ = {
			isa = XCConfigurationList;
			buildConfigurations = (
				21836CC82925F530004082D7 /* Debug */,
				21836CC92925F530004082D7 /* Release */,
			);
			defaultConfigurationIsVisible = 0;
			defaultConfigurationName = Release;
		};
		21836CCA2925F530004082D7 /* Build configuration list for PBXNativeTarget "EmojiHunterTests" */ = {
			isa = XCConfigurationList;
			buildConfigurations = (
				21836CCB2925F530004082D7 /* Debug */,
				21836CCC2925F530004082D7 /* Release */,
			);
			defaultConfigurationIsVisible = 0;
			defaultConfigurationName = Release;
		};
		21836CCD2925F530004082D7 /* Build configuration list for PBXNativeTarget "EmojiHunterUITests" */ = {
			isa = XCConfigurationList;
			buildConfigurations = (
				21836CCE2925F530004082D7 /* Debug */,
				21836CCF2925F530004082D7 /* Release */,
			);
			defaultConfigurationIsVisible = 0;
			defaultConfigurationName = Release;
		};
/* End XCConfigurationList section */
	};
	rootObject = 21836C9B2925F52E004082D7 /* Project object */;
}
